
Microsoft Visual Studio Solution File, Format Version 12.00
# Visual Studio Version 17
VisualStudioVersion = 17.6.33723.286
MinimumVisualStudioVersion = 10.0.40219.1
Project("{9A19103F-16F7-4668-BE54-9A1E7A4F7556}") = "theCoffeeroom", "theCoffeeroom.csproj", "{26B56C0F-C345-4099-A6CD-FD46E74B7FB9}"
EndProject
Project("{E53339B2-1760-4266-BCC7-CA923CBCF16C}") = "docker-compose", "docker-compose.dcproj", "{4C55D368-7627-4647-95F7-1603923B051B}"
EndProject
Global
	GlobalSection(SolutionConfigurationPlatforms) = preSolution
		Debug|Any CPU = Debug|Any CPU
		Release|Any CPU = Release|Any CPU
	EndGlobalSection
	GlobalSection(ProjectConfigurationPlatforms) = postSolution
		{26B56C0F-C345-4099-A6CD-FD46E74B7FB9}.Debug|Any CPU.ActiveCfg = Debug|Any CPU
		{26B56C0F-C345-4099-A6CD-FD46E74B7FB9}.Debug|Any CPU.Build.0 = Debug|Any CPU
		{26B56C0F-C345-4099-A6CD-FD46E74B7FB9}.Release|Any CPU.ActiveCfg = Release|Any CPU
		{26B56C0F-C345-4099-A6CD-FD46E74B7FB9}.Release|Any CPU.Build.0 = Release|Any CPU
		{4C55D368-7627-4647-95F7-1603923B051B}.Debug|Any CPU.ActiveCfg = Debug|Any CPU
		{4C55D368-7627-4647-95F7-1603923B051B}.Debug|Any CPU.Build.0 = Debug|Any CPU
		{4C55D368-7627-4647-95F7-1603923B051B}.Release|Any CPU.ActiveCfg = Release|Any CPU
		{4C55D368-7627-4647-95F7-1603923B051B}.Release|Any CPU.Build.0 = Release|Any CPU
	EndGlobalSection
	GlobalSection(SolutionProperties) = preSolution
		HideSolutionNode = FALSE
	EndGlobalSection
	GlobalSection(ExtensibilityGlobals) = postSolution
		SolutionGuid = {2C49942E-45E0-4803-82D7-9BF9A6F7C992}
	EndGlobalSection
EndGlobal
